
Microsoft Visual Studio Solution File, Format Version 12.00
# Visual Studio Version 16
VisualStudioVersion = 16.0.31321.278
MinimumVisualStudioVersion = 10.0.40219.1
Project("{8BC9CEB8-8B4A-11D0-8D11-00A0C91BC942}") = "week2", "week2\week2.vcxproj", "{9129E041-03FD-4DF5-A9AB-C2C285526E7B}"
EndProject
Global
	GlobalSection(SolutionConfigurationPlatforms) = preSolution
		Debug|x64 = Debug|x64
		Debug|x86 = Debug|x86
		Release|x64 = Release|x64
		Release|x86 = Release|x86
	EndGlobalSection
	GlobalSection(ProjectConfigurationPlatforms) = postSolution
		{9129E041-03FD-4DF5-A9AB-C2C285526E7B}.Debug|x64.ActiveCfg = Debug|x64
		{9129E041-03FD-4DF5-A9AB-C2C285526E7B}.Debug|x64.Build.0 = Debug|x64
		{9129E041-03FD-4DF5-A9AB-C2C285526E7B}.Debug|x86.ActiveCfg = Debug|Win32
		{9129E041-03FD-4DF5-A9AB-C2C285526E7B}.Debug|x86.Build.0 = Debug|Win32
		{9129E041-03FD-4DF5-A9AB-C2C285526E7B}.Release|x64.ActiveCfg = Release|x64
		{9129E041-03FD-4DF5-A9AB-C2C285526E7B}.Release|x64.Build.0 = Release|x64
		{9129E041-03FD-4DF5-A9AB-C2C285526E7B}.Release|x86.ActiveCfg = Release|Win32
		{9129E041-03FD-4DF5-A9AB-C2C285526E7B}.Release|x86.Build.0 = Release|Win32
	EndGlobalSection
	GlobalSection(SolutionProperties) = preSolution
		HideSolutionNode = FALSE
	EndGlobalSection
	GlobalSection(ExtensibilityGlobals) = postSolution
		SolutionGuid = {FC5E762D-AACA-4CD7-954E-A1E75B78591F}
	EndGlobalSection
EndGlobal
